
Microsoft Visual Studio Solution File, Format Version 12.00
# Visual Studio Version 17
VisualStudioVersion = 17.5.33516.290
MinimumVisualStudioVersion = 10.0.40219.1
Project("{FAE04EC0-301F-11D3-BF4B-00C04F79EFBC}") = "Quanlytrasua", "Quanlytrasua\Quanlytrasua.csproj", "{A9520033-EB84-408E-B926-CFCC74104F5E}"
EndProject
Global
	GlobalSection(SolutionConfigurationPlatforms) = preSolution
		Debug|Any CPU = Debug|Any CPU
		Release|Any CPU = Release|Any CPU
	EndGlobalSection
	GlobalSection(ProjectConfigurationPlatforms) = postSolution
		{A9520033-EB84-408E-B926-CFCC74104F5E}.Debug|Any CPU.ActiveCfg = Debug|Any CPU
		{A9520033-EB84-408E-B926-CFCC74104F5E}.Debug|Any CPU.Build.0 = Debug|Any CPU
		{A9520033-EB84-408E-B926-CFCC74104F5E}.Release|Any CPU.ActiveCfg = Release|Any CPU
		{A9520033-EB84-408E-B926-CFCC74104F5E}.Release|Any CPU.Build.0 = Release|Any CPU
	EndGlobalSection
	GlobalSection(SolutionProperties) = preSolution
		HideSolutionNode = FALSE
	EndGlobalSection
	GlobalSection(ExtensibilityGlobals) = postSolution
		SolutionGuid = {1964DF67-B8CA-4AAB-88AC-1BF501FCCF60}
	EndGlobalSection
EndGlobal
